
Microsoft Visual Studio Solution File, Format Version 12.00
# Visual Studio Version 17
VisualStudioVersion = 17.11.35431.28
MinimumVisualStudioVersion = 10.0.40219.1
Project("{9A19103F-16F7-4668-BE54-9A1E7A4F7556}") = "ToDoAppBackend", "ToDoAppBackend\ToDoAppBackend.csproj", "{3A8B130E-4AD9-4F0B-AB32-89976169948D}"
EndProject
Global
	GlobalSection(SolutionConfigurationPlatforms) = preSolution
		Debug|Any CPU = Debug|Any CPU
		Release|Any CPU = Release|Any CPU
	EndGlobalSection
	GlobalSection(ProjectConfigurationPlatforms) = postSolution
		{3A8B130E-4AD9-4F0B-AB32-89976169948D}.Debug|Any CPU.ActiveCfg = Debug|Any CPU
		{3A8B130E-4AD9-4F0B-AB32-89976169948D}.Debug|Any CPU.Build.0 = Debug|Any CPU
		{3A8B130E-4AD9-4F0B-AB32-89976169948D}.Release|Any CPU.ActiveCfg = Release|Any CPU
		{3A8B130E-4AD9-4F0B-AB32-89976169948D}.Release|Any CPU.Build.0 = Release|Any CPU
	EndGlobalSection
	GlobalSection(SolutionProperties) = preSolution
		HideSolutionNode = FALSE
	EndGlobalSection
	GlobalSection(ExtensibilityGlobals) = postSolution
		SolutionGuid = {38F0D054-AF89-48BA-91F6-78E53CB6B7EE}
	EndGlobalSection
EndGlobal
